
Microsoft Visual Studio Solution File, Format Version 12.00
# Visual Studio Version 17
VisualStudioVersion = 17.8.34316.72
MinimumVisualStudioVersion = 10.0.40219.1
Project("{00D1A9C2-B5F0-4AF3-8072-F6C62B433612}") = "Database_NRLClub", "Database_NRLClub\Database_NRLClub.sqlproj", "{BFC2C05B-9D74-453B-A179-7AFA32189C5D}"
EndProject
Global
	GlobalSection(SolutionConfigurationPlatforms) = preSolution
		Debug|Any CPU = Debug|Any CPU
		Release|Any CPU = Release|Any CPU
	EndGlobalSection
	GlobalSection(ProjectConfigurationPlatforms) = postSolution
		{BFC2C05B-9D74-453B-A179-7AFA32189C5D}.Debug|Any CPU.ActiveCfg = Debug|Any CPU
		{BFC2C05B-9D74-453B-A179-7AFA32189C5D}.Debug|Any CPU.Build.0 = Debug|Any CPU
		{BFC2C05B-9D74-453B-A179-7AFA32189C5D}.Debug|Any CPU.Deploy.0 = Debug|Any CPU
		{BFC2C05B-9D74-453B-A179-7AFA32189C5D}.Release|Any CPU.ActiveCfg = Release|Any CPU
		{BFC2C05B-9D74-453B-A179-7AFA32189C5D}.Release|Any CPU.Build.0 = Release|Any CPU
		{BFC2C05B-9D74-453B-A179-7AFA32189C5D}.Release|Any CPU.Deploy.0 = Release|Any CPU
	EndGlobalSection
	GlobalSection(SolutionProperties) = preSolution
		HideSolutionNode = FALSE
	EndGlobalSection
	GlobalSection(ExtensibilityGlobals) = postSolution
		SolutionGuid = {39F10061-E921-47F4-9544-484452BA3E96}
	EndGlobalSection
EndGlobal
