
Microsoft Visual Studio Solution File, Format Version 12.00
# Visual Studio Version 17
VisualStudioVersion = 17.8.34316.72
MinimumVisualStudioVersion = 10.0.40219.1
Project("{FAE04EC0-301F-11D3-BF4B-00C04F79EFBC}") = "NRL_Club_Management_WebSide", "NRL_Club_Management_WebSide\NRL_Club_Management_WebSide.csproj", "{E8E4230B-BBAD-4DDB-9AE5-81FCEFCAC062}"
EndProject
Global
	GlobalSection(SolutionConfigurationPlatforms) = preSolution
		Debug|Any CPU = Debug|Any CPU
		Release|Any CPU = Release|Any CPU
	EndGlobalSection
	GlobalSection(ProjectConfigurationPlatforms) = postSolution
		{E8E4230B-BBAD-4DDB-9AE5-81FCEFCAC062}.Debug|Any CPU.ActiveCfg = Debug|Any CPU
		{E8E4230B-BBAD-4DDB-9AE5-81FCEFCAC062}.Debug|Any CPU.Build.0 = Debug|Any CPU
		{E8E4230B-BBAD-4DDB-9AE5-81FCEFCAC062}.Release|Any CPU.ActiveCfg = Release|Any CPU
		{E8E4230B-BBAD-4DDB-9AE5-81FCEFCAC062}.Release|Any CPU.Build.0 = Release|Any CPU
	EndGlobalSection
	GlobalSection(SolutionProperties) = preSolution
		HideSolutionNode = FALSE
	EndGlobalSection
	GlobalSection(ExtensibilityGlobals) = postSolution
		SolutionGuid = {B9029979-810C-4979-8F7C-AAB1B9C583ED}
	EndGlobalSection
EndGlobal
